
Microsoft Visual Studio Solution File, Format Version 12.00
# Visual Studio Version 17
VisualStudioVersion = 17.3.32922.545
MinimumVisualStudioVersion = 10.0.40219.1
Project("{FAE04EC0-301F-11D3-BF4B-00C04F79EFBC}") = "Area", "Area.csproj", "{6678D776-40D6-4394-BEF8-453970DA1340}"
EndProject
Global
	GlobalSection(SolutionConfigurationPlatforms) = preSolution
		Debug|Any CPU = Debug|Any CPU
		Release|Any CPU = Release|Any CPU
	EndGlobalSection
	GlobalSection(ProjectConfigurationPlatforms) = postSolution
		{6678D776-40D6-4394-BEF8-453970DA1340}.Debug|Any CPU.ActiveCfg = Debug|Any CPU
		{6678D776-40D6-4394-BEF8-453970DA1340}.Debug|Any CPU.Build.0 = Debug|Any CPU
		{6678D776-40D6-4394-BEF8-453970DA1340}.Release|Any CPU.ActiveCfg = Release|Any CPU
		{6678D776-40D6-4394-BEF8-453970DA1340}.Release|Any CPU.Build.0 = Release|Any CPU
	EndGlobalSection
	GlobalSection(SolutionProperties) = preSolution
		HideSolutionNode = FALSE
	EndGlobalSection
	GlobalSection(ExtensibilityGlobals) = postSolution
		SolutionGuid = {23C015CB-9E6B-4750-B1AB-F6BE2A2E336C}
	EndGlobalSection
EndGlobal
